
Microsoft Visual Studio Solution File, Format Version 12.00
# Visual Studio Version 18
VisualStudioVersion = 18.2.11408.102
MinimumVisualStudioVersion = 10.0.40219.1
Project("{2150E333-8FDC-42A3-9474-1A3956D46DE8}") = "src", "src", "{02EA681E-C7D8-13C7-8484-4AC65E1B71E8}"
EndProject
Project("{2150E333-8FDC-42A3-9474-1A3956D46DE8}") = "SolutionItems", "SolutionItems", "{38A7A9AF-DE35-4648-BC91-FE66AAB08BAB}"
	ProjectSection(SolutionItems) = preProject
		Directory.Build.props = Directory.Build.props
		Directory.Packages.props = Directory.Packages.props
	EndProjectSection
EndProject
Project("{FAE04EC0-301F-11D3-BF4B-00C04F79EFBC}") = "Application", "src\Application\Application.csproj", "{9B9A733C-DEDC-477D-ABBA-B76D4FCE7563}"
EndProject
Project("{FAE04EC0-301F-11D3-BF4B-00C04F79EFBC}") = "Domain", "src\Domain\Domain.csproj", "{15451675-A792-4B59-B1CB-831C2EAB346E}"
EndProject
Project("{FAE04EC0-301F-11D3-BF4B-00C04F79EFBC}") = "Infrastructure", "src\Infrastructure\Infrastructure.csproj", "{A4B1F028-B300-4279-8174-7E7BD272AFE4}"
EndProject
Project("{2150E333-8FDC-42A3-9474-1A3956D46DE8}") = "Shared", "Shared", "{ACE3B5F6-02E0-E5E3-B283-044C1171AFDE}"
EndProject
Project("{2150E333-8FDC-42A3-9474-1A3956D46DE8}") = "Cqrs", "Cqrs", "{18D22988-DD82-4A6E-AD5A-9CC8CAAF7C0B}"
EndProject
Project("{FAE04EC0-301F-11D3-BF4B-00C04F79EFBC}") = "Cqrs", "src\Shared\Cqrs\Cqrs\Cqrs.csproj", "{B47EDDC0-C54A-4393-9CCC-DFF7A2BCBB80}"
EndProject
Project("{2150E333-8FDC-42A3-9474-1A3956D46DE8}") = "RepositoryCaching", "RepositoryCaching", "{72E8C35E-860E-A2F6-1C29-F9FD91D5E4DE}"
EndProject
Project("{FAE04EC0-301F-11D3-BF4B-00C04F79EFBC}") = "RepositoryCaching", "src\Shared\RepositoryCaching\RepositoryCaching\RepositoryCaching.csproj", "{B1673723-76DB-4E33-9909-C4D7C8F85ABE}"
EndProject
Project("{2150E333-8FDC-42A3-9474-1A3956D46DE8}") = "ReprEndpoints", "ReprEndpoints", "{4B9C5E59-7481-6EA4-5314-FAD2171898FF}"
EndProject
Project("{FAE04EC0-301F-11D3-BF4B-00C04F79EFBC}") = "ReprEndpoints", "src\Shared\ReprEndpoints\ReprEndpoints\ReprEndpoints.csproj", "{13743104-8695-4FFC-8F2C-4D2D81B3E1C7}"
EndProject
Project("{2150E333-8FDC-42A3-9474-1A3956D46DE8}") = "SharedKernel", "SharedKernel", "{466167F1-E57E-2386-3A71-0D3A756A5742}"
EndProject
Project("{FAE04EC0-301F-11D3-BF4B-00C04F79EFBC}") = "SharedKernel", "src\Shared\SharedKernel\SharedKernel\SharedKernel.csproj", "{614F3516-1ACB-472E-BDA4-7CBE23729740}"
EndProject
Project("{FAE04EC0-301F-11D3-BF4B-00C04F79EFBC}") = "Web.Api", "src\Web.Api\Web.Api.csproj", "{BBDE6783-4C87-4C93-848B-27781F96FA0E}"
EndProject
Project("{2150E333-8FDC-42A3-9474-1A3956D46DE8}") = "tests", "tests", "{0AB3BF05-4346-4AA6-1389-037BE0695223}"
EndProject
Project("{FAE04EC0-301F-11D3-BF4B-00C04F79EFBC}") = "Cqrs.EntityFrameworkCore", "src\Shared\Cqrs\Cqrs.EntityFrameworkCore\Cqrs.EntityFrameworkCore.csproj", "{2614FECF-F50A-4E56-B812-13364D16D0CE}"
EndProject
Project("{FAE04EC0-301F-11D3-BF4B-00C04F79EFBC}") = "Cqrs.AzureServiceBus", "src\Shared\Cqrs\Cqrs.AzureServiceBus\Cqrs.AzureServiceBus.csproj", "{47D15C95-F551-4375-8644-28C9B4BEF23C}"
EndProject
Project("{FAE04EC0-301F-11D3-BF4B-00C04F79EFBC}") = "RepositoryCaching.EntityFrameworkCore", "src\Shared\RepositoryCaching\RepositoryCaching.EntityFrameworkCore\RepositoryCaching.EntityFrameworkCore.csproj", "{22EF2488-C81F-401D-BFB9-437F938EC07E}"
EndProject
Project("{2150E333-8FDC-42A3-9474-1A3956D46DE8}") = "unit", "unit", "{9D556B49-86D1-93A7-9596-FFAAB74EC556}"
EndProject
Project("{FAE04EC0-301F-11D3-BF4B-00C04F79EFBC}") = "Application.UnitTests", "tests\unit\Application.UnitTests\Application.UnitTests.csproj", "{6EBD9DD2-7DCF-4BAF-A048-29A6030F937C}"
EndProject
Project("{FAE04EC0-301F-11D3-BF4B-00C04F79EFBC}") = "Domain.UnitTests", "tests\unit\Domain.UnitTests\Domain.UnitTests.csproj", "{2C7EE81D-625C-4DF5-9CCA-B23F18476EF5}"
EndProject
Project("{FAE04EC0-301F-11D3-BF4B-00C04F79EFBC}") = "Infrastructure.UnitTests", "tests\unit\Infrastructure.UnitTests\Infrastructure.UnitTests.csproj", "{4297CA53-3198-4B1F-B72D-79EE873610A1}"
EndProject
Project("{2150E333-8FDC-42A3-9474-1A3956D46DE8}") = "shared", "shared", "{5A0B3DB2-A3D4-FF64-C3B7-05B9502A12EE}"
EndProject
Project("{2150E333-8FDC-42A3-9474-1A3956D46DE8}") = "Cqrs", "Cqrs", "{6EE4D159-2981-BA0E-8219-F64A3F022CD9}"
EndProject
Project("{FAE04EC0-301F-11D3-BF4B-00C04F79EFBC}") = "Cqrs.UnitTests", "tests\unit\shared\Cqrs\Cqrs.UnitTests\Cqrs.UnitTests.csproj", "{6A7110D1-3D63-4B13-AD65-255DCB42532D}"
EndProject
Project("{FAE04EC0-301F-11D3-BF4B-00C04F79EFBC}") = "Cqrs.EntityFrameworkCore.UnitTests", "tests\unit\shared\Cqrs\Cqrs.EntityFrameworkCore.UnitTests\Cqrs.EntityFrameworkCore.UnitTests.csproj", "{16871E7F-4B5F-4948-B0B0-7A6B64144AA9}"
EndProject
Project("{2150E333-8FDC-42A3-9474-1A3956D46DE8}") = "RepositoryCaching", "RepositoryCaching", "{40BAFFCD-95FC-AC1C-2AF4-81091621B830}"
EndProject
Project("{FAE04EC0-301F-11D3-BF4B-00C04F79EFBC}") = "RepositoryCaching.UnitTests", "tests\unit\shared\RepositoryCaching\RepositoryCaching.UnitTests\RepositoryCaching.UnitTests.csproj", "{B0DA29EB-91EA-4BA6-919D-980328854B9D}"
EndProject
Project("{2150E333-8FDC-42A3-9474-1A3956D46DE8}") = "integration", "integration", "{29EFB713-7F19-4B55-823A-D35B2877A7E5}"
EndProject
Project("{2150E333-8FDC-42A3-9474-1A3956D46DE8}") = "shared", "shared", "{CD131889-1F4E-4FE4-82B7-FBB79875F575}"
EndProject
Project("{2150E333-8FDC-42A3-9474-1A3956D46DE8}") = "Cqrs", "Cqrs", "{18F02641-281B-4F4D-A50C-3BA1D255CD8C}"
EndProject
Project("{FAE04EC0-301F-11D3-BF4B-00C04F79EFBC}") = "Cqrs.IntegrationTests", "tests\integration\shared\Cqrs\Cqrs.IntegrationTests\Cqrs.IntegrationTests.csproj", "{9224383C-5B90-B9AD-B4D4-18D4B7F5D2A8}"
EndProject
Project("{FAE04EC0-301F-11D3-BF4B-00C04F79EFBC}") = "WebApiTemplate.IntegrationTests", "tests\integration\WebApiTemplate.IntegrationTests\WebApiTemplate.IntegrationTests.csproj", "{CBA51E3D-3B92-8A8E-B04C-F2592C238748}"
EndProject
Project("{FAE04EC0-301F-11D3-BF4B-00C04F79EFBC}") = "Cqrs.ApplicationTestFixture", "tests\unit\shared\Cqrs\Cqrs.ApplicationTestFixture\Cqrs.ApplicationTestFixture.csproj", "{E885ACC4-2F3B-16E1-FFB9-F2B7251ADF87}"
EndProject
Project("{FAE04EC0-301F-11D3-BF4B-00C04F79EFBC}") = "Cqrs.DomainTestFixture", "tests\unit\shared\Cqrs\Cqrs.DomainTestFixture\Cqrs.DomainTestFixture.csproj", "{B118C92D-4F41-FF70-40C4-8D52FD49CE36}"
EndProject
Project("{FAE04EC0-301F-11D3-BF4B-00C04F79EFBC}") = "Shop.Application", "tests\integration\shared\Cqrs\ShopApp\Shop.Application\Shop.Application.csproj", "{25BC3C9B-95A4-4957-A475-75F9F5190B3B}"
EndProject
Project("{FAE04EC0-301F-11D3-BF4B-00C04F79EFBC}") = "Shop.Domain", "tests\integration\shared\Cqrs\ShopApp\Shop.Domain\Shop.Domain.csproj", "{EC6DD7BC-F975-9DD8-ED9C-EBF00FB31B06}"
EndProject
Project("{FAE04EC0-301F-11D3-BF4B-00C04F79EFBC}") = "Product.App", "tests\integration\shared\Cqrs\ProductApp\Product.App\Product.App.csproj", "{85D60BC9-E358-42E6-A5B3-B3573A3B45F1}"
EndProject
Global
	GlobalSection(SolutionConfigurationPlatforms) = preSolution
		Debug|Any CPU = Debug|Any CPU
		Debug|x64 = Debug|x64
		Debug|x86 = Debug|x86
		Release|Any CPU = Release|Any CPU
		Release|x64 = Release|x64
		Release|x86 = Release|x86
	EndGlobalSection
	GlobalSection(ProjectConfigurationPlatforms) = postSolution
		{9B9A733C-DEDC-477D-ABBA-B76D4FCE7563}.Debug|Any CPU.ActiveCfg = Debug|Any CPU
		{9B9A733C-DEDC-477D-ABBA-B76D4FCE7563}.Debug|Any CPU.Build.0 = Debug|Any CPU
		{9B9A733C-DEDC-477D-ABBA-B76D4FCE7563}.Debug|x64.ActiveCfg = Debug|Any CPU
		{9B9A733C-DEDC-477D-ABBA-B76D4FCE7563}.Debug|x64.Build.0 = Debug|Any CPU
		{9B9A733C-DEDC-477D-ABBA-B76D4FCE7563}.Debug|x86.ActiveCfg = Debug|Any CPU
		{9B9A733C-DEDC-477D-ABBA-B76D4FCE7563}.Debug|x86.Build.0 = Debug|Any CPU
		{9B9A733C-DEDC-477D-ABBA-B76D4FCE7563}.Release|Any CPU.ActiveCfg = Release|Any CPU
		{9B9A733C-DEDC-477D-ABBA-B76D4FCE7563}.Release|Any CPU.Build.0 = Release|Any CPU
		{9B9A733C-DEDC-477D-ABBA-B76D4FCE7563}.Release|x64.ActiveCfg = Release|Any CPU
		{9B9A733C-DEDC-477D-ABBA-B76D4FCE7563}.Release|x64.Build.0 = Release|Any CPU
		{9B9A733C-DEDC-477D-ABBA-B76D4FCE7563}.Release|x86.ActiveCfg = Release|Any CPU
		{9B9A733C-DEDC-477D-ABBA-B76D4FCE7563}.Release|x86.Build.0 = Release|Any CPU
		{15451675-A792-4B59-B1CB-831C2EAB346E}.Debug|Any CPU.ActiveCfg = Debug|Any CPU
		{15451675-A792-4B59-B1CB-831C2EAB346E}.Debug|Any CPU.Build.0 = Debug|Any CPU
		{15451675-A792-4B59-B1CB-831C2EAB346E}.Debug|x64.ActiveCfg = Debug|Any CPU
		{15451675-A792-4B59-B1CB-831C2EAB346E}.Debug|x64.Build.0 = Debug|Any CPU
		{15451675-A792-4B59-B1CB-831C2EAB346E}.Debug|x86.ActiveCfg = Debug|Any CPU
		{15451675-A792-4B59-B1CB-831C2EAB346E}.Debug|x86.Build.0 = Debug|Any CPU
		{15451675-A792-4B59-B1CB-831C2EAB346E}.Release|Any CPU.ActiveCfg = Release|Any CPU
		{15451675-A792-4B59-B1CB-831C2EAB346E}.Release|Any CPU.Build.0 = Release|Any CPU
		{15451675-A792-4B59-B1CB-831C2EAB346E}.Release|x64.ActiveCfg = Release|Any CPU
		{15451675-A792-4B59-B1CB-831C2EAB346E}.Release|x64.Build.0 = Release|Any CPU
		{15451675-A792-4B59-B1CB-831C2EAB346E}.Release|x86.ActiveCfg = Release|Any CPU
		{15451675-A792-4B59-B1CB-831C2EAB346E}.Release|x86.Build.0 = Release|Any CPU
		{A4B1F028-B300-4279-8174-7E7BD272AFE4}.Debug|Any CPU.ActiveCfg = Debug|Any CPU
		{A4B1F028-B300-4279-8174-7E7BD272AFE4}.Debug|Any CPU.Build.0 = Debug|Any CPU
		{A4B1F028-B300-4279-8174-7E7BD272AFE4}.Debug|x64.ActiveCfg = Debug|Any CPU
		{A4B1F028-B300-4279-8174-7E7BD272AFE4}.Debug|x64.Build.0 = Debug|Any CPU
		{A4B1F028-B300-4279-8174-7E7BD272AFE4}.Debug|x86.ActiveCfg = Debug|Any CPU
		{A4B1F028-B300-4279-8174-7E7BD272AFE4}.Debug|x86.Build.0 = Debug|Any CPU
		{A4B1F028-B300-4279-8174-7E7BD272AFE4}.Release|Any CPU.ActiveCfg = Release|Any CPU
		{A4B1F028-B300-4279-8174-7E7BD272AFE4}.Release|Any CPU.Build.0 = Release|Any CPU
		{A4B1F028-B300-4279-8174-7E7BD272AFE4}.Release|x64.ActiveCfg = Release|Any CPU
		{A4B1F028-B300-4279-8174-7E7BD272AFE4}.Release|x64.Build.0 = Release|Any CPU
		{A4B1F028-B300-4279-8174-7E7BD272AFE4}.Release|x86.ActiveCfg = Release|Any CPU
		{A4B1F028-B300-4279-8174-7E7BD272AFE4}.Release|x86.Build.0 = Release|Any CPU
		{B47EDDC0-C54A-4393-9CCC-DFF7A2BCBB80}.Debug|Any CPU.ActiveCfg = Debug|Any CPU
		{B47EDDC0-C54A-4393-9CCC-DFF7A2BCBB80}.Debug|Any CPU.Build.0 = Debug|Any CPU
		{B47EDDC0-C54A-4393-9CCC-DFF7A2BCBB80}.Debug|x64.ActiveCfg = Debug|Any CPU
		{B47EDDC0-C54A-4393-9CCC-DFF7A2BCBB80}.Debug|x64.Build.0 = Debug|Any CPU
		{B47EDDC0-C54A-4393-9CCC-DFF7A2BCBB80}.Debug|x86.ActiveCfg = Debug|Any CPU
		{B47EDDC0-C54A-4393-9CCC-DFF7A2BCBB80}.Debug|x86.Build.0 = Debug|Any CPU
		{B47EDDC0-C54A-4393-9CCC-DFF7A2BCBB80}.Release|Any CPU.ActiveCfg = Release|Any CPU
		{B47EDDC0-C54A-4393-9CCC-DFF7A2BCBB80}.Release|Any CPU.Build.0 = Release|Any CPU
		{B47EDDC0-C54A-4393-9CCC-DFF7A2BCBB80}.Release|x64.ActiveCfg = Release|Any CPU
		{B47EDDC0-C54A-4393-9CCC-DFF7A2BCBB80}.Release|x64.Build.0 = Release|Any CPU
		{B47EDDC0-C54A-4393-9CCC-DFF7A2BCBB80}.Release|x86.ActiveCfg = Release|Any CPU
		{B47EDDC0-C54A-4393-9CCC-DFF7A2BCBB80}.Release|x86.Build.0 = Release|Any CPU
		{B1673723-76DB-4E33-9909-C4D7C8F85ABE}.Debug|Any CPU.ActiveCfg = Debug|Any CPU
		{B1673723-76DB-4E33-9909-C4D7C8F85ABE}.Debug|Any CPU.Build.0 = Debug|Any CPU
		{B1673723-76DB-4E33-9909-C4D7C8F85ABE}.Debug|x64.ActiveCfg = Debug|Any CPU
		{B1673723-76DB-4E33-9909-C4D7C8F85ABE}.Debug|x64.Build.0 = Debug|Any CPU
		{B1673723-76DB-4E33-9909-C4D7C8F85ABE}.Debug|x86.ActiveCfg = Debug|Any CPU
		{B1673723-76DB-4E33-9909-C4D7C8F85ABE}.Debug|x86.Build.0 = Debug|Any CPU
		{B1673723-76DB-4E33-9909-C4D7C8F85ABE}.Release|Any CPU.ActiveCfg = Release|Any CPU
		{B1673723-76DB-4E33-9909-C4D7C8F85ABE}.Release|Any CPU.Build.0 = Release|Any CPU
		{B1673723-76DB-4E33-9909-C4D7C8F85ABE}.Release|x64.ActiveCfg = Release|Any CPU
		{B1673723-76DB-4E33-9909-C4D7C8F85ABE}.Release|x64.Build.0 = Release|Any CPU
		{B1673723-76DB-4E33-9909-C4D7C8F85ABE}.Release|x86.ActiveCfg = Release|Any CPU
		{B1673723-76DB-4E33-9909-C4D7C8F85ABE}.Release|x86.Build.0 = Release|Any CPU
		{13743104-8695-4FFC-8F2C-4D2D81B3E1C7}.Debug|Any CPU.ActiveCfg = Debug|Any CPU
		{13743104-8695-4FFC-8F2C-4D2D81B3E1C7}.Debug|Any CPU.Build.0 = Debug|Any CPU
		{13743104-8695-4FFC-8F2C-4D2D81B3E1C7}.Debug|x64.ActiveCfg = Debug|Any CPU
		{13743104-8695-4FFC-8F2C-4D2D81B3E1C7}.Debug|x64.Build.0 = Debug|Any CPU
		{13743104-8695-4FFC-8F2C-4D2D81B3E1C7}.Debug|x86.ActiveCfg = Debug|Any CPU
		{13743104-8695-4FFC-8F2C-4D2D81B3E1C7}.Debug|x86.Build.0 = Debug|Any CPU
		{13743104-8695-4FFC-8F2C-4D2D81B3E1C7}.Release|Any CPU.ActiveCfg = Release|Any CPU
		{13743104-8695-4FFC-8F2C-4D2D81B3E1C7}.Release|Any CPU.Build.0 = Release|Any CPU
		{13743104-8695-4FFC-8F2C-4D2D81B3E1C7}.Release|x64.ActiveCfg = Release|Any CPU
		{13743104-8695-4FFC-8F2C-4D2D81B3E1C7}.Release|x64.Build.0 = Release|Any CPU
		{13743104-8695-4FFC-8F2C-4D2D81B3E1C7}.Release|x86.ActiveCfg = Release|Any CPU
		{13743104-8695-4FFC-8F2C-4D2D81B3E1C7}.Release|x86.Build.0 = Release|Any CPU
		{614F3516-1ACB-472E-BDA4-7CBE23729740}.Debug|Any CPU.ActiveCfg = Debug|Any CPU
		{614F3516-1ACB-472E-BDA4-7CBE23729740}.Debug|Any CPU.Build.0 = Debug|Any CPU
		{614F3516-1ACB-472E-BDA4-7CBE23729740}.Debug|x64.ActiveCfg = Debug|Any CPU
		{614F3516-1ACB-472E-BDA4-7CBE23729740}.Debug|x64.Build.0 = Debug|Any CPU
		{614F3516-1ACB-472E-BDA4-7CBE23729740}.Debug|x86.ActiveCfg = Debug|Any CPU
		{614F3516-1ACB-472E-BDA4-7CBE23729740}.Debug|x86.Build.0 = Debug|Any CPU
		{614F3516-1ACB-472E-BDA4-7CBE23729740}.Release|Any CPU.ActiveCfg = Release|Any CPU
		{614F3516-1ACB-472E-BDA4-7CBE23729740}.Release|Any CPU.Build.0 = Release|Any CPU
		{614F3516-1ACB-472E-BDA4-7CBE23729740}.Release|x64.ActiveCfg = Release|Any CPU
		{614F3516-1ACB-472E-BDA4-7CBE23729740}.Release|x64.Build.0 = Release|Any CPU
		{614F3516-1ACB-472E-BDA4-7CBE23729740}.Release|x86.ActiveCfg = Release|Any CPU
		{614F3516-1ACB-472E-BDA4-7CBE23729740}.Release|x86.Build.0 = Release|Any CPU
		{BBDE6783-4C87-4C93-848B-27781F96FA0E}.Debug|Any CPU.ActiveCfg = Debug|Any CPU
		{BBDE6783-4C87-4C93-848B-27781F96FA0E}.Debug|Any CPU.Build.0 = Debug|Any CPU
		{BBDE6783-4C87-4C93-848B-27781F96FA0E}.Debug|x64.ActiveCfg = Debug|Any CPU
		{BBDE6783-4C87-4C93-848B-27781F96FA0E}.Debug|x64.Build.0 = Debug|Any CPU
		{BBDE6783-4C87-4C93-848B-27781F96FA0E}.Debug|x86.ActiveCfg = Debug|Any CPU
		{BBDE6783-4C87-4C93-848B-27781F96FA0E}.Debug|x86.Build.0 = Debug|Any CPU
		{BBDE6783-4C87-4C93-848B-27781F96FA0E}.Release|Any CPU.ActiveCfg = Release|Any CPU
		{BBDE6783-4C87-4C93-848B-27781F96FA0E}.Release|Any CPU.Build.0 = Release|Any CPU
		{BBDE6783-4C87-4C93-848B-27781F96FA0E}.Release|x64.ActiveCfg = Release|Any CPU
		{BBDE6783-4C87-4C93-848B-27781F96FA0E}.Release|x64.Build.0 = Release|Any CPU
		{BBDE6783-4C87-4C93-848B-27781F96FA0E}.Release|x86.ActiveCfg = Release|Any CPU
		{BBDE6783-4C87-4C93-848B-27781F96FA0E}.Release|x86.Build.0 = Release|Any CPU
		{2614FECF-F50A-4E56-B812-13364D16D0CE}.Debug|Any CPU.ActiveCfg = Debug|Any CPU
		{2614FECF-F50A-4E56-B812-13364D16D0CE}.Debug|Any CPU.Build.0 = Debug|Any CPU
		{2614FECF-F50A-4E56-B812-13364D16D0CE}.Debug|x64.ActiveCfg = Debug|Any CPU
		{2614FECF-F50A-4E56-B812-13364D16D0CE}.Debug|x64.Build.0 = Debug|Any CPU
		{2614FECF-F50A-4E56-B812-13364D16D0CE}.Debug|x86.ActiveCfg = Debug|Any CPU
		{2614FECF-F50A-4E56-B812-13364D16D0CE}.Debug|x86.Build.0 = Debug|Any CPU
		{2614FECF-F50A-4E56-B812-13364D16D0CE}.Release|Any CPU.ActiveCfg = Release|Any CPU
		{2614FECF-F50A-4E56-B812-13364D16D0CE}.Release|Any CPU.Build.0 = Release|Any CPU
		{2614FECF-F50A-4E56-B812-13364D16D0CE}.Release|x64.ActiveCfg = Release|Any CPU
		{2614FECF-F50A-4E56-B812-13364D16D0CE}.Release|x64.Build.0 = Release|Any CPU
		{2614FECF-F50A-4E56-B812-13364D16D0CE}.Release|x86.ActiveCfg = Release|Any CPU
		{2614FECF-F50A-4E56-B812-13364D16D0CE}.Release|x86.Build.0 = Release|Any CPU
		{47D15C95-F551-4375-8644-28C9B4BEF23C}.Debug|Any CPU.ActiveCfg = Debug|Any CPU
		{47D15C95-F551-4375-8644-28C9B4BEF23C}.Debug|Any CPU.Build.0 = Debug|Any CPU
		{47D15C95-F551-4375-8644-28C9B4BEF23C}.Debug|x64.ActiveCfg = Debug|Any CPU
		{47D15C95-F551-4375-8644-28C9B4BEF23C}.Debug|x64.Build.0 = Debug|Any CPU
		{47D15C95-F551-4375-8644-28C9B4BEF23C}.Debug|x86.ActiveCfg = Debug|Any CPU
		{47D15C95-F551-4375-8644-28C9B4BEF23C}.Debug|x86.Build.0 = Debug|Any CPU
		{47D15C95-F551-4375-8644-28C9B4BEF23C}.Release|Any CPU.ActiveCfg = Release|Any CPU
		{47D15C95-F551-4375-8644-28C9B4BEF23C}.Release|Any CPU.Build.0 = Release|Any CPU
		{47D15C95-F551-4375-8644-28C9B4BEF23C}.Release|x64.ActiveCfg = Release|Any CPU
		{47D15C95-F551-4375-8644-28C9B4BEF23C}.Release|x64.Build.0 = Release|Any CPU
		{47D15C95-F551-4375-8644-28C9B4BEF23C}.Release|x86.ActiveCfg = Release|Any CPU
		{47D15C95-F551-4375-8644-28C9B4BEF23C}.Release|x86.Build.0 = Release|Any CPU
		{22EF2488-C81F-401D-BFB9-437F938EC07E}.Debug|Any CPU.ActiveCfg = Debug|Any CPU
		{22EF2488-C81F-401D-BFB9-437F938EC07E}.Debug|Any CPU.Build.0 = Debug|Any CPU
		{22EF2488-C81F-401D-BFB9-437F938EC07E}.Debug|x64.ActiveCfg = Debug|Any CPU
		{22EF2488-C81F-401D-BFB9-437F938EC07E}.Debug|x64.Build.0 = Debug|Any CPU
		{22EF2488-C81F-401D-BFB9-437F938EC07E}.Debug|x86.ActiveCfg = Debug|Any CPU
		{22EF2488-C81F-401D-BFB9-437F938EC07E}.Debug|x86.Build.0 = Debug|Any CPU
		{22EF2488-C81F-401D-BFB9-437F938EC07E}.Release|Any CPU.ActiveCfg = Release|Any CPU
		{22EF2488-C81F-401D-BFB9-437F938EC07E}.Release|Any CPU.Build.0 = Release|Any CPU
		{22EF2488-C81F-401D-BFB9-437F938EC07E}.Release|x64.ActiveCfg = Release|Any CPU
		{22EF2488-C81F-401D-BFB9-437F938EC07E}.Release|x64.Build.0 = Release|Any CPU
		{22EF2488-C81F-401D-BFB9-437F938EC07E}.Release|x86.ActiveCfg = Release|Any CPU
		{22EF2488-C81F-401D-BFB9-437F938EC07E}.Release|x86.Build.0 = Release|Any CPU
		{6EBD9DD2-7DCF-4BAF-A048-29A6030F937C}.Debug|Any CPU.ActiveCfg = Debug|Any CPU
		{6EBD9DD2-7DCF-4BAF-A048-29A6030F937C}.Debug|Any CPU.Build.0 = Debug|Any CPU
		{6EBD9DD2-7DCF-4BAF-A048-29A6030F937C}.Debug|x64.ActiveCfg = Debug|Any CPU
		{6EBD9DD2-7DCF-4BAF-A048-29A6030F937C}.Debug|x64.Build.0 = Debug|Any CPU
		{6EBD9DD2-7DCF-4BAF-A048-29A6030F937C}.Debug|x86.ActiveCfg = Debug|Any CPU
		{6EBD9DD2-7DCF-4BAF-A048-29A6030F937C}.Debug|x86.Build.0 = Debug|Any CPU
		{6EBD9DD2-7DCF-4BAF-A048-29A6030F937C}.Release|Any CPU.ActiveCfg = Release|Any CPU
		{6EBD9DD2-7DCF-4BAF-A048-29A6030F937C}.Release|Any CPU.Build.0 = Release|Any CPU
		{6EBD9DD2-7DCF-4BAF-A048-29A6030F937C}.Release|x64.ActiveCfg = Release|Any CPU
		{6EBD9DD2-7DCF-4BAF-A048-29A6030F937C}.Release|x64.Build.0 = Release|Any CPU
		{6EBD9DD2-7DCF-4BAF-A048-29A6030F937C}.Release|x86.ActiveCfg = Release|Any CPU
		{6EBD9DD2-7DCF-4BAF-A048-29A6030F937C}.Release|x86.Build.0 = Release|Any CPU
		{2C7EE81D-625C-4DF5-9CCA-B23F18476EF5}.Debug|Any CPU.ActiveCfg = Debug|Any CPU
		{2C7EE81D-625C-4DF5-9CCA-B23F18476EF5}.Debug|Any CPU.Build.0 = Debug|Any CPU
		{2C7EE81D-625C-4DF5-9CCA-B23F18476EF5}.Debug|x64.ActiveCfg = Debug|Any CPU
		{2C7EE81D-625C-4DF5-9CCA-B23F18476EF5}.Debug|x64.Build.0 = Debug|Any CPU
		{2C7EE81D-625C-4DF5-9CCA-B23F18476EF5}.Debug|x86.ActiveCfg = Debug|Any CPU
		{2C7EE81D-625C-4DF5-9CCA-B23F18476EF5}.Debug|x86.Build.0 = Debug|Any CPU
		{2C7EE81D-625C-4DF5-9CCA-B23F18476EF5}.Release|Any CPU.ActiveCfg = Release|Any CPU
		{2C7EE81D-625C-4DF5-9CCA-B23F18476EF5}.Release|Any CPU.Build.0 = Release|Any CPU
		{2C7EE81D-625C-4DF5-9CCA-B23F18476EF5}.Release|x64.ActiveCfg = Release|Any CPU
		{2C7EE81D-625C-4DF5-9CCA-B23F18476EF5}.Release|x64.Build.0 = Release|Any CPU
		{2C7EE81D-625C-4DF5-9CCA-B23F18476EF5}.Release|x86.ActiveCfg = Release|Any CPU
		{2C7EE81D-625C-4DF5-9CCA-B23F18476EF5}.Release|x86.Build.0 = Release|Any CPU
		{4297CA53-3198-4B1F-B72D-79EE873610A1}.Debug|Any CPU.ActiveCfg = Debug|Any CPU
		{4297CA53-3198-4B1F-B72D-79EE873610A1}.Debug|Any CPU.Build.0 = Debug|Any CPU
		{4297CA53-3198-4B1F-B72D-79EE873610A1}.Debug|x64.ActiveCfg = Debug|Any CPU
		{4297CA53-3198-4B1F-B72D-79EE873610A1}.Debug|x64.Build.0 = Debug|Any CPU
		{4297CA53-3198-4B1F-B72D-79EE873610A1}.Debug|x86.ActiveCfg = Debug|Any CPU
		{4297CA53-3198-4B1F-B72D-79EE873610A1}.Debug|x86.Build.0 = Debug|Any CPU
		{4297CA53-3198-4B1F-B72D-79EE873610A1}.Release|Any CPU.ActiveCfg = Release|Any CPU
		{4297CA53-3198-4B1F-B72D-79EE873610A1}.Release|Any CPU.Build.0 = Release|Any CPU
		{4297CA53-3198-4B1F-B72D-79EE873610A1}.Release|x64.ActiveCfg = Release|Any CPU
		{4297CA53-3198-4B1F-B72D-79EE873610A1}.Release|x64.Build.0 = Release|Any CPU
		{4297CA53-3198-4B1F-B72D-79EE873610A1}.Release|x86.ActiveCfg = Release|Any CPU
		{4297CA53-3198-4B1F-B72D-79EE873610A1}.Release|x86.Build.0 = Release|Any CPU
		{6A7110D1-3D63-4B13-AD65-255DCB42532D}.Debug|Any CPU.ActiveCfg = Debug|Any CPU
		{6A7110D1-3D63-4B13-AD65-255DCB42532D}.Debug|Any CPU.Build.0 = Debug|Any CPU
		{6A7110D1-3D63-4B13-AD65-255DCB42532D}.Debug|x64.ActiveCfg = Debug|Any CPU
		{6A7110D1-3D63-4B13-AD65-255DCB42532D}.Debug|x64.Build.0 = Debug|Any CPU
		{6A7110D1-3D63-4B13-AD65-255DCB42532D}.Debug|x86.ActiveCfg = Debug|Any CPU
		{6A7110D1-3D63-4B13-AD65-255DCB42532D}.Debug|x86.Build.0 = Debug|Any CPU
		{6A7110D1-3D63-4B13-AD65-255DCB42532D}.Release|Any CPU.ActiveCfg = Release|Any CPU
		{6A7110D1-3D63-4B13-AD65-255DCB42532D}.Release|Any CPU.Build.0 = Release|Any CPU
		{6A7110D1-3D63-4B13-AD65-255DCB42532D}.Release|x64.ActiveCfg = Release|Any CPU
		{6A7110D1-3D63-4B13-AD65-255DCB42532D}.Release|x64.Build.0 = Release|Any CPU
		{6A7110D1-3D63-4B13-AD65-255DCB42532D}.Release|x86.ActiveCfg = Release|Any CPU
		{6A7110D1-3D63-4B13-AD65-255DCB42532D}.Release|x86.Build.0 = Release|Any CPU
		{16871E7F-4B5F-4948-B0B0-7A6B64144AA9}.Debug|Any CPU.ActiveCfg = Debug|Any CPU
		{16871E7F-4B5F-4948-B0B0-7A6B64144AA9}.Debug|Any CPU.Build.0 = Debug|Any CPU
		{16871E7F-4B5F-4948-B0B0-7A6B64144AA9}.Debug|x64.ActiveCfg = Debug|Any CPU
		{16871E7F-4B5F-4948-B0B0-7A6B64144AA9}.Debug|x64.Build.0 = Debug|Any CPU
		{16871E7F-4B5F-4948-B0B0-7A6B64144AA9}.Debug|x86.ActiveCfg = Debug|Any CPU
		{16871E7F-4B5F-4948-B0B0-7A6B64144AA9}.Debug|x86.Build.0 = Debug|Any CPU
		{16871E7F-4B5F-4948-B0B0-7A6B64144AA9}.Release|Any CPU.ActiveCfg = Release|Any CPU
		{16871E7F-4B5F-4948-B0B0-7A6B64144AA9}.Release|Any CPU.Build.0 = Release|Any CPU
		{16871E7F-4B5F-4948-B0B0-7A6B64144AA9}.Release|x64.ActiveCfg = Release|Any CPU
		{16871E7F-4B5F-4948-B0B0-7A6B64144AA9}.Release|x64.Build.0 = Release|Any CPU
		{16871E7F-4B5F-4948-B0B0-7A6B64144AA9}.Release|x86.ActiveCfg = Release|Any CPU
		{16871E7F-4B5F-4948-B0B0-7A6B64144AA9}.Release|x86.Build.0 = Release|Any CPU
		{B0DA29EB-91EA-4BA6-919D-980328854B9D}.Debug|Any CPU.ActiveCfg = Debug|Any CPU
		{B0DA29EB-91EA-4BA6-919D-980328854B9D}.Debug|Any CPU.Build.0 = Debug|Any CPU
		{B0DA29EB-91EA-4BA6-919D-980328854B9D}.Debug|x64.ActiveCfg = Debug|Any CPU
		{B0DA29EB-91EA-4BA6-919D-980328854B9D}.Debug|x64.Build.0 = Debug|Any CPU
		{B0DA29EB-91EA-4BA6-919D-980328854B9D}.Debug|x86.ActiveCfg = Debug|Any CPU
		{B0DA29EB-91EA-4BA6-919D-980328854B9D}.Debug|x86.Build.0 = Debug|Any CPU
		{B0DA29EB-91EA-4BA6-919D-980328854B9D}.Release|Any CPU.ActiveCfg = Release|Any CPU
		{B0DA29EB-91EA-4BA6-919D-980328854B9D}.Release|Any CPU.Build.0 = Release|Any CPU
		{B0DA29EB-91EA-4BA6-919D-980328854B9D}.Release|x64.ActiveCfg = Release|Any CPU
		{B0DA29EB-91EA-4BA6-919D-980328854B9D}.Release|x64.Build.0 = Release|Any CPU
		{B0DA29EB-91EA-4BA6-919D-980328854B9D}.Release|x86.ActiveCfg = Release|Any CPU
		{B0DA29EB-91EA-4BA6-919D-980328854B9D}.Release|x86.Build.0 = Release|Any CPU
		{9224383C-5B90-B9AD-B4D4-18D4B7F5D2A8}.Debug|Any CPU.ActiveCfg = Debug|Any CPU
		{9224383C-5B90-B9AD-B4D4-18D4B7F5D2A8}.Debug|Any CPU.Build.0 = Debug|Any CPU
		{9224383C-5B90-B9AD-B4D4-18D4B7F5D2A8}.Debug|x64.ActiveCfg = Debug|Any CPU
		{9224383C-5B90-B9AD-B4D4-18D4B7F5D2A8}.Debug|x64.Build.0 = Debug|Any CPU
		{9224383C-5B90-B9AD-B4D4-18D4B7F5D2A8}.Debug|x86.ActiveCfg = Debug|Any CPU
		{9224383C-5B90-B9AD-B4D4-18D4B7F5D2A8}.Debug|x86.Build.0 = Debug|Any CPU
		{9224383C-5B90-B9AD-B4D4-18D4B7F5D2A8}.Release|Any CPU.ActiveCfg = Release|Any CPU
		{9224383C-5B90-B9AD-B4D4-18D4B7F5D2A8}.Release|Any CPU.Build.0 = Release|Any CPU
		{9224383C-5B90-B9AD-B4D4-18D4B7F5D2A8}.Release|x64.ActiveCfg = Release|Any CPU
		{9224383C-5B90-B9AD-B4D4-18D4B7F5D2A8}.Release|x64.Build.0 = Release|Any CPU
		{9224383C-5B90-B9AD-B4D4-18D4B7F5D2A8}.Release|x86.ActiveCfg = Release|Any CPU
		{9224383C-5B90-B9AD-B4D4-18D4B7F5D2A8}.Release|x86.Build.0 = Release|Any CPU
		{CBA51E3D-3B92-8A8E-B04C-F2592C238748}.Debug|Any CPU.ActiveCfg = Debug|Any CPU
		{CBA51E3D-3B92-8A8E-B04C-F2592C238748}.Debug|Any CPU.Build.0 = Debug|Any CPU
		{CBA51E3D-3B92-8A8E-B04C-F2592C238748}.Debug|x64.ActiveCfg = Debug|Any CPU
		{CBA51E3D-3B92-8A8E-B04C-F2592C238748}.Debug|x64.Build.0 = Debug|Any CPU
		{CBA51E3D-3B92-8A8E-B04C-F2592C238748}.Debug|x86.ActiveCfg = Debug|Any CPU
		{CBA51E3D-3B92-8A8E-B04C-F2592C238748}.Debug|x86.Build.0 = Debug|Any CPU
		{CBA51E3D-3B92-8A8E-B04C-F2592C238748}.Release|Any CPU.ActiveCfg = Release|Any CPU
		{CBA51E3D-3B92-8A8E-B04C-F2592C238748}.Release|Any CPU.Build.0 = Release|Any CPU
		{CBA51E3D-3B92-8A8E-B04C-F2592C238748}.Release|x64.ActiveCfg = Release|Any CPU
		{CBA51E3D-3B92-8A8E-B04C-F2592C238748}.Release|x64.Build.0 = Release|Any CPU
		{CBA51E3D-3B92-8A8E-B04C-F2592C238748}.Release|x86.ActiveCfg = Release|Any CPU
		{CBA51E3D-3B92-8A8E-B04C-F2592C238748}.Release|x86.Build.0 = Release|Any CPU
		{E885ACC4-2F3B-16E1-FFB9-F2B7251ADF87}.Debug|Any CPU.ActiveCfg = Debug|Any CPU
		{E885ACC4-2F3B-16E1-FFB9-F2B7251ADF87}.Debug|Any CPU.Build.0 = Debug|Any CPU
		{E885ACC4-2F3B-16E1-FFB9-F2B7251ADF87}.Debug|x64.ActiveCfg = Debug|Any CPU
		{E885ACC4-2F3B-16E1-FFB9-F2B7251ADF87}.Debug|x64.Build.0 = Debug|Any CPU
		{E885ACC4-2F3B-16E1-FFB9-F2B7251ADF87}.Debug|x86.ActiveCfg = Debug|Any CPU
		{E885ACC4-2F3B-16E1-FFB9-F2B7251ADF87}.Debug|x86.Build.0 = Debug|Any CPU
		{E885ACC4-2F3B-16E1-FFB9-F2B7251ADF87}.Release|Any CPU.ActiveCfg = Release|Any CPU
		{E885ACC4-2F3B-16E1-FFB9-F2B7251ADF87}.Release|Any CPU.Build.0 = Release|Any CPU
		{E885ACC4-2F3B-16E1-FFB9-F2B7251ADF87}.Release|x64.ActiveCfg = Release|Any CPU
		{E885ACC4-2F3B-16E1-FFB9-F2B7251ADF87}.Release|x64.Build.0 = Release|Any CPU
		{E885ACC4-2F3B-16E1-FFB9-F2B7251ADF87}.Release|x86.ActiveCfg = Release|Any CPU
		{E885ACC4-2F3B-16E1-FFB9-F2B7251ADF87}.Release|x86.Build.0 = Release|Any CPU
		{B118C92D-4F41-FF70-40C4-8D52FD49CE36}.Debug|Any CPU.ActiveCfg = Debug|Any CPU
		{B118C92D-4F41-FF70-40C4-8D52FD49CE36}.Debug|Any CPU.Build.0 = Debug|Any CPU
		{B118C92D-4F41-FF70-40C4-8D52FD49CE36}.Debug|x64.ActiveCfg = Debug|Any CPU
		{B118C92D-4F41-FF70-40C4-8D52FD49CE36}.Debug|x64.Build.0 = Debug|Any CPU
		{B118C92D-4F41-FF70-40C4-8D52FD49CE36}.Debug|x86.ActiveCfg = Debug|Any CPU
		{B118C92D-4F41-FF70-40C4-8D52FD49CE36}.Debug|x86.Build.0 = Debug|Any CPU
		{B118C92D-4F41-FF70-40C4-8D52FD49CE36}.Release|Any CPU.ActiveCfg = Release|Any CPU
		{B118C92D-4F41-FF70-40C4-8D52FD49CE36}.Release|Any CPU.Build.0 = Release|Any CPU
		{B118C92D-4F41-FF70-40C4-8D52FD49CE36}.Release|x64.ActiveCfg = Release|Any CPU
		{B118C92D-4F41-FF70-40C4-8D52FD49CE36}.Release|x64.Build.0 = Release|Any CPU
		{B118C92D-4F41-FF70-40C4-8D52FD49CE36}.Release|x86.ActiveCfg = Release|Any CPU
		{B118C92D-4F41-FF70-40C4-8D52FD49CE36}.Release|x86.Build.0 = Release|Any CPU
		{25BC3C9B-95A4-4957-A475-75F9F5190B3B}.Debug|Any CPU.ActiveCfg = Debug|Any CPU
		{25BC3C9B-95A4-4957-A475-75F9F5190B3B}.Debug|Any CPU.Build.0 = Debug|Any CPU
		{25BC3C9B-95A4-4957-A475-75F9F5190B3B}.Debug|x64.ActiveCfg = Debug|Any CPU
		{25BC3C9B-95A4-4957-A475-75F9F5190B3B}.Debug|x64.Build.0 = Debug|Any CPU
		{25BC3C9B-95A4-4957-A475-75F9F5190B3B}.Debug|x86.ActiveCfg = Debug|Any CPU
		{25BC3C9B-95A4-4957-A475-75F9F5190B3B}.Debug|x86.Build.0 = Debug|Any CPU
		{25BC3C9B-95A4-4957-A475-75F9F5190B3B}.Release|Any CPU.ActiveCfg = Release|Any CPU
		{25BC3C9B-95A4-4957-A475-75F9F5190B3B}.Release|Any CPU.Build.0 = Release|Any CPU
		{25BC3C9B-95A4-4957-A475-75F9F5190B3B}.Release|x64.ActiveCfg = Release|Any CPU
		{25BC3C9B-95A4-4957-A475-75F9F5190B3B}.Release|x64.Build.0 = Release|Any CPU
		{25BC3C9B-95A4-4957-A475-75F9F5190B3B}.Release|x86.ActiveCfg = Release|Any CPU
		{25BC3C9B-95A4-4957-A475-75F9F5190B3B}.Release|x86.Build.0 = Release|Any CPU
		{EC6DD7BC-F975-9DD8-ED9C-EBF00FB31B06}.Debug|Any CPU.ActiveCfg = Debug|Any CPU
		{EC6DD7BC-F975-9DD8-ED9C-EBF00FB31B06}.Debug|Any CPU.Build.0 = Debug|Any CPU
		{EC6DD7BC-F975-9DD8-ED9C-EBF00FB31B06}.Debug|x64.ActiveCfg = Debug|Any CPU
		{EC6DD7BC-F975-9DD8-ED9C-EBF00FB31B06}.Debug|x64.Build.0 = Debug|Any CPU
		{EC6DD7BC-F975-9DD8-ED9C-EBF00FB31B06}.Debug|x86.ActiveCfg = Debug|Any CPU
		{EC6DD7BC-F975-9DD8-ED9C-EBF00FB31B06}.Debug|x86.Build.0 = Debug|Any CPU
		{EC6DD7BC-F975-9DD8-ED9C-EBF00FB31B06}.Release|Any CPU.ActiveCfg = Release|Any CPU
		{EC6DD7BC-F975-9DD8-ED9C-EBF00FB31B06}.Release|Any CPU.Build.0 = Release|Any CPU
		{EC6DD7BC-F975-9DD8-ED9C-EBF00FB31B06}.Release|x64.ActiveCfg = Release|Any CPU
		{EC6DD7BC-F975-9DD8-ED9C-EBF00FB31B06}.Release|x64.Build.0 = Release|Any CPU
		{EC6DD7BC-F975-9DD8-ED9C-EBF00FB31B06}.Release|x86.ActiveCfg = Release|Any CPU
		{EC6DD7BC-F975-9DD8-ED9C-EBF00FB31B06}.Release|x86.Build.0 = Release|Any CPU
		{85D60BC9-E358-42E6-A5B3-B3573A3B45F1}.Debug|Any CPU.ActiveCfg = Debug|Any CPU
		{85D60BC9-E358-42E6-A5B3-B3573A3B45F1}.Debug|Any CPU.Build.0 = Debug|Any CPU
		{85D60BC9-E358-42E6-A5B3-B3573A3B45F1}.Debug|x64.ActiveCfg = Debug|Any CPU
		{85D60BC9-E358-42E6-A5B3-B3573A3B45F1}.Debug|x64.Build.0 = Debug|Any CPU
		{85D60BC9-E358-42E6-A5B3-B3573A3B45F1}.Debug|x86.ActiveCfg = Debug|Any CPU
		{85D60BC9-E358-42E6-A5B3-B3573A3B45F1}.Debug|x86.Build.0 = Debug|Any CPU
		{85D60BC9-E358-42E6-A5B3-B3573A3B45F1}.Release|Any CPU.ActiveCfg = Release|Any CPU
		{85D60BC9-E358-42E6-A5B3-B3573A3B45F1}.Release|Any CPU.Build.0 = Release|Any CPU
		{85D60BC9-E358-42E6-A5B3-B3573A3B45F1}.Release|x64.ActiveCfg = Release|Any CPU
		{85D60BC9-E358-42E6-A5B3-B3573A3B45F1}.Release|x64.Build.0 = Release|Any CPU
		{85D60BC9-E358-42E6-A5B3-B3573A3B45F1}.Release|x86.ActiveCfg = Release|Any CPU
		{85D60BC9-E358-42E6-A5B3-B3573A3B45F1}.Release|x86.Build.0 = Release|Any CPU
	EndGlobalSection
	GlobalSection(SolutionProperties) = preSolution
		HideSolutionNode = FALSE
	EndGlobalSection
	GlobalSection(NestedProjects) = preSolution
		{9B9A733C-DEDC-477D-ABBA-B76D4FCE7563} = {02EA681E-C7D8-13C7-8484-4AC65E1B71E8}
		{15451675-A792-4B59-B1CB-831C2EAB346E} = {02EA681E-C7D8-13C7-8484-4AC65E1B71E8}
		{A4B1F028-B300-4279-8174-7E7BD272AFE4} = {02EA681E-C7D8-13C7-8484-4AC65E1B71E8}
		{ACE3B5F6-02E0-E5E3-B283-044C1171AFDE} = {02EA681E-C7D8-13C7-8484-4AC65E1B71E8}
		{18D22988-DD82-4A6E-AD5A-9CC8CAAF7C0B} = {ACE3B5F6-02E0-E5E3-B283-044C1171AFDE}
		{B47EDDC0-C54A-4393-9CCC-DFF7A2BCBB80} = {18D22988-DD82-4A6E-AD5A-9CC8CAAF7C0B}
		{72E8C35E-860E-A2F6-1C29-F9FD91D5E4DE} = {ACE3B5F6-02E0-E5E3-B283-044C1171AFDE}
		{B1673723-76DB-4E33-9909-C4D7C8F85ABE} = {72E8C35E-860E-A2F6-1C29-F9FD91D5E4DE}
		{4B9C5E59-7481-6EA4-5314-FAD2171898FF} = {ACE3B5F6-02E0-E5E3-B283-044C1171AFDE}
		{13743104-8695-4FFC-8F2C-4D2D81B3E1C7} = {4B9C5E59-7481-6EA4-5314-FAD2171898FF}
		{466167F1-E57E-2386-3A71-0D3A756A5742} = {ACE3B5F6-02E0-E5E3-B283-044C1171AFDE}
		{614F3516-1ACB-472E-BDA4-7CBE23729740} = {466167F1-E57E-2386-3A71-0D3A756A5742}
		{BBDE6783-4C87-4C93-848B-27781F96FA0E} = {02EA681E-C7D8-13C7-8484-4AC65E1B71E8}
		{2614FECF-F50A-4E56-B812-13364D16D0CE} = {18D22988-DD82-4A6E-AD5A-9CC8CAAF7C0B}
		{47D15C95-F551-4375-8644-28C9B4BEF23C} = {18D22988-DD82-4A6E-AD5A-9CC8CAAF7C0B}
		{22EF2488-C81F-401D-BFB9-437F938EC07E} = {72E8C35E-860E-A2F6-1C29-F9FD91D5E4DE}
		{9D556B49-86D1-93A7-9596-FFAAB74EC556} = {0AB3BF05-4346-4AA6-1389-037BE0695223}
		{6EBD9DD2-7DCF-4BAF-A048-29A6030F937C} = {9D556B49-86D1-93A7-9596-FFAAB74EC556}
		{2C7EE81D-625C-4DF5-9CCA-B23F18476EF5} = {9D556B49-86D1-93A7-9596-FFAAB74EC556}
		{4297CA53-3198-4B1F-B72D-79EE873610A1} = {9D556B49-86D1-93A7-9596-FFAAB74EC556}
		{5A0B3DB2-A3D4-FF64-C3B7-05B9502A12EE} = {9D556B49-86D1-93A7-9596-FFAAB74EC556}
		{6EE4D159-2981-BA0E-8219-F64A3F022CD9} = {5A0B3DB2-A3D4-FF64-C3B7-05B9502A12EE}
		{6A7110D1-3D63-4B13-AD65-255DCB42532D} = {6EE4D159-2981-BA0E-8219-F64A3F022CD9}
		{16871E7F-4B5F-4948-B0B0-7A6B64144AA9} = {6EE4D159-2981-BA0E-8219-F64A3F022CD9}
		{40BAFFCD-95FC-AC1C-2AF4-81091621B830} = {5A0B3DB2-A3D4-FF64-C3B7-05B9502A12EE}
		{B0DA29EB-91EA-4BA6-919D-980328854B9D} = {40BAFFCD-95FC-AC1C-2AF4-81091621B830}
		{29EFB713-7F19-4B55-823A-D35B2877A7E5} = {0AB3BF05-4346-4AA6-1389-037BE0695223}
		{CD131889-1F4E-4FE4-82B7-FBB79875F575} = {29EFB713-7F19-4B55-823A-D35B2877A7E5}
		{18F02641-281B-4F4D-A50C-3BA1D255CD8C} = {CD131889-1F4E-4FE4-82B7-FBB79875F575}
		{9224383C-5B90-B9AD-B4D4-18D4B7F5D2A8} = {18F02641-281B-4F4D-A50C-3BA1D255CD8C}
		{CBA51E3D-3B92-8A8E-B04C-F2592C238748} = {29EFB713-7F19-4B55-823A-D35B2877A7E5}
		{E885ACC4-2F3B-16E1-FFB9-F2B7251ADF87} = {6EE4D159-2981-BA0E-8219-F64A3F022CD9}
		{B118C92D-4F41-FF70-40C4-8D52FD49CE36} = {6EE4D159-2981-BA0E-8219-F64A3F022CD9}
		{25BC3C9B-95A4-4957-A475-75F9F5190B3B} = {18F02641-281B-4F4D-A50C-3BA1D255CD8C}
		{EC6DD7BC-F975-9DD8-ED9C-EBF00FB31B06} = {18F02641-281B-4F4D-A50C-3BA1D255CD8C}
		{85D60BC9-E358-42E6-A5B3-B3573A3B45F1} = {18F02641-281B-4F4D-A50C-3BA1D255CD8C}
	EndGlobalSection
	GlobalSection(ExtensibilityGlobals) = postSolution
		SolutionGuid = {3928A5A2-CEA8-4613-BAC3-CD801007A804}
	EndGlobalSection
EndGlobal
