
Microsoft Visual Studio Solution File, Format Version 12.00
# Visual Studio Version 17
VisualStudioVersion = 17.14.36401.2
MinimumVisualStudioVersion = 10.0.40219.1
Project("{2150E333-8FDC-42A3-9474-1A3956D46DE8}") = "src", "src", "{02EA681E-C7D8-13C7-8484-4AC65E1B71E8}"
EndProject
Project("{2150E333-8FDC-42A3-9474-1A3956D46DE8}") = "SolutionItems", "SolutionItems", "{38A7A9AF-DE35-4648-BC91-FE66AAB08BAB}"
	ProjectSection(SolutionItems) = preProject
		Directory.Build.props = Directory.Build.props
		Directory.Packages.props = Directory.Packages.props
	EndProjectSection
EndProject
Project("{FAE04EC0-301F-11D3-BF4B-00C04F79EFBC}") = "Application", "src\Application\Application.csproj", "{9B9A733C-DEDC-477D-ABBA-B76D4FCE7563}"
EndProject
Project("{FAE04EC0-301F-11D3-BF4B-00C04F79EFBC}") = "Domain", "src\Domain\Domain.csproj", "{15451675-A792-4B59-B1CB-831C2EAB346E}"
EndProject
Project("{FAE04EC0-301F-11D3-BF4B-00C04F79EFBC}") = "Infrastructure", "src\Infrastructure\Infrastructure.csproj", "{A4B1F028-B300-4279-8174-7E7BD272AFE4}"
EndProject
Project("{2150E333-8FDC-42A3-9474-1A3956D46DE8}") = "Shared", "Shared", "{ACE3B5F6-02E0-E5E3-B283-044C1171AFDE}"
EndProject
Project("{2150E333-8FDC-42A3-9474-1A3956D46DE8}") = "Cqrs", "Cqrs", "{18D22988-DD82-4A6E-AD5A-9CC8CAAF7C0B}"
EndProject
Project("{FAE04EC0-301F-11D3-BF4B-00C04F79EFBC}") = "Cqrs", "src\Shared\Cqrs\Cqrs\Cqrs.csproj", "{B47EDDC0-C54A-4393-9CCC-DFF7A2BCBB80}"
EndProject
Project("{2150E333-8FDC-42A3-9474-1A3956D46DE8}") = "RepositoryCaching", "RepositoryCaching", "{72E8C35E-860E-A2F6-1C29-F9FD91D5E4DE}"
EndProject
Project("{FAE04EC0-301F-11D3-BF4B-00C04F79EFBC}") = "RepositoryCaching", "src\Shared\RepositoryCaching\RepositoryCaching\RepositoryCaching.csproj", "{B1673723-76DB-4E33-9909-C4D7C8F85ABE}"
EndProject
Project("{2150E333-8FDC-42A3-9474-1A3956D46DE8}") = "ReprEndpoints", "ReprEndpoints", "{4B9C5E59-7481-6EA4-5314-FAD2171898FF}"
EndProject
Project("{FAE04EC0-301F-11D3-BF4B-00C04F79EFBC}") = "ReprEndpoints", "src\Shared\ReprEndpoints\ReprEndpoints\ReprEndpoints.csproj", "{13743104-8695-4FFC-8F2C-4D2D81B3E1C7}"
EndProject
Project("{2150E333-8FDC-42A3-9474-1A3956D46DE8}") = "SharedKernel", "SharedKernel", "{466167F1-E57E-2386-3A71-0D3A756A5742}"
EndProject
Project("{FAE04EC0-301F-11D3-BF4B-00C04F79EFBC}") = "SharedKernel", "src\Shared\SharedKernel\SharedKernel\SharedKernel.csproj", "{614F3516-1ACB-472E-BDA4-7CBE23729740}"
EndProject
Project("{FAE04EC0-301F-11D3-BF4B-00C04F79EFBC}") = "Web.Api", "src\Web.Api\Web.Api.csproj", "{BBDE6783-4C87-4C93-848B-27781F96FA0E}"
EndProject
Project("{2150E333-8FDC-42A3-9474-1A3956D46DE8}") = "tests", "tests", "{0AB3BF05-4346-4AA6-1389-037BE0695223}"
EndProject
Project("{FAE04EC0-301F-11D3-BF4B-00C04F79EFBC}") = "ComponentTests", "tests\ComponentTests\ComponentTests.csproj", "{C6991D4A-78FA-469A-B47D-E29167DDA9FE}"
EndProject
Project("{FAE04EC0-301F-11D3-BF4B-00C04F79EFBC}") = "IntegrationTests", "tests\IntegrationTests\IntegrationTests.csproj", "{CDF93C14-70D6-45A5-ABED-C41BE256A8F4}"
EndProject
Project("{FAE04EC0-301F-11D3-BF4B-00C04F79EFBC}") = "UnitTests", "tests\UnitTests\UnitTests.csproj", "{69F75DFB-9B33-4EB3-9C65-67DB88BA67BB}"
EndProject
Project("{FAE04EC0-301F-11D3-BF4B-00C04F79EFBC}") = "Cqrs.EntityFrameworkCore", "src\Shared\Cqrs\Cqrs.EntityFrameworkCore\Cqrs.EntityFrameworkCore.csproj", "{2614FECF-F50A-4E56-B812-13364D16D0CE}"
EndProject
Project("{FAE04EC0-301F-11D3-BF4B-00C04F79EFBC}") = "Cqrs.AzureServiceBus", "src\Shared\Cqrs\Cqrs.AzureServiceBus\Cqrs.AzureServiceBus.csproj", "{47D15C95-F551-4375-8644-28C9B4BEF23C}"
EndProject
Project("{FAE04EC0-301F-11D3-BF4B-00C04F79EFBC}") = "RepositoryCaching.EntityFrameworkCore", "src\Shared\RepositoryCaching\RepositoryCaching.EntityFrameworkCore\RepositoryCaching.EntityFrameworkCore.csproj", "{22EF2488-C81F-401D-BFB9-437F938EC07E}"
EndProject
Global
	GlobalSection(SolutionConfigurationPlatforms) = preSolution
		Debug|Any CPU = Debug|Any CPU
		Debug|x64 = Debug|x64
		Debug|x86 = Debug|x86
		Release|Any CPU = Release|Any CPU
		Release|x64 = Release|x64
		Release|x86 = Release|x86
	EndGlobalSection
	GlobalSection(ProjectConfigurationPlatforms) = postSolution
		{9B9A733C-DEDC-477D-ABBA-B76D4FCE7563}.Debug|Any CPU.ActiveCfg = Debug|Any CPU
		{9B9A733C-DEDC-477D-ABBA-B76D4FCE7563}.Debug|Any CPU.Build.0 = Debug|Any CPU
		{9B9A733C-DEDC-477D-ABBA-B76D4FCE7563}.Debug|x64.ActiveCfg = Debug|Any CPU
		{9B9A733C-DEDC-477D-ABBA-B76D4FCE7563}.Debug|x64.Build.0 = Debug|Any CPU
		{9B9A733C-DEDC-477D-ABBA-B76D4FCE7563}.Debug|x86.ActiveCfg = Debug|Any CPU
		{9B9A733C-DEDC-477D-ABBA-B76D4FCE7563}.Debug|x86.Build.0 = Debug|Any CPU
		{9B9A733C-DEDC-477D-ABBA-B76D4FCE7563}.Release|Any CPU.ActiveCfg = Release|Any CPU
		{9B9A733C-DEDC-477D-ABBA-B76D4FCE7563}.Release|Any CPU.Build.0 = Release|Any CPU
		{9B9A733C-DEDC-477D-ABBA-B76D4FCE7563}.Release|x64.ActiveCfg = Release|Any CPU
		{9B9A733C-DEDC-477D-ABBA-B76D4FCE7563}.Release|x64.Build.0 = Release|Any CPU
		{9B9A733C-DEDC-477D-ABBA-B76D4FCE7563}.Release|x86.ActiveCfg = Release|Any CPU
		{9B9A733C-DEDC-477D-ABBA-B76D4FCE7563}.Release|x86.Build.0 = Release|Any CPU
		{15451675-A792-4B59-B1CB-831C2EAB346E}.Debug|Any CPU.ActiveCfg = Debug|Any CPU
		{15451675-A792-4B59-B1CB-831C2EAB346E}.Debug|Any CPU.Build.0 = Debug|Any CPU
		{15451675-A792-4B59-B1CB-831C2EAB346E}.Debug|x64.ActiveCfg = Debug|Any CPU
		{15451675-A792-4B59-B1CB-831C2EAB346E}.Debug|x64.Build.0 = Debug|Any CPU
		{15451675-A792-4B59-B1CB-831C2EAB346E}.Debug|x86.ActiveCfg = Debug|Any CPU
		{15451675-A792-4B59-B1CB-831C2EAB346E}.Debug|x86.Build.0 = Debug|Any CPU
		{15451675-A792-4B59-B1CB-831C2EAB346E}.Release|Any CPU.ActiveCfg = Release|Any CPU
		{15451675-A792-4B59-B1CB-831C2EAB346E}.Release|Any CPU.Build.0 = Release|Any CPU
		{15451675-A792-4B59-B1CB-831C2EAB346E}.Release|x64.ActiveCfg = Release|Any CPU
		{15451675-A792-4B59-B1CB-831C2EAB346E}.Release|x64.Build.0 = Release|Any CPU
		{15451675-A792-4B59-B1CB-831C2EAB346E}.Release|x86.ActiveCfg = Release|Any CPU
		{15451675-A792-4B59-B1CB-831C2EAB346E}.Release|x86.Build.0 = Release|Any CPU
		{A4B1F028-B300-4279-8174-7E7BD272AFE4}.Debug|Any CPU.ActiveCfg = Debug|Any CPU
		{A4B1F028-B300-4279-8174-7E7BD272AFE4}.Debug|Any CPU.Build.0 = Debug|Any CPU
		{A4B1F028-B300-4279-8174-7E7BD272AFE4}.Debug|x64.ActiveCfg = Debug|Any CPU
		{A4B1F028-B300-4279-8174-7E7BD272AFE4}.Debug|x64.Build.0 = Debug|Any CPU
		{A4B1F028-B300-4279-8174-7E7BD272AFE4}.Debug|x86.ActiveCfg = Debug|Any CPU
		{A4B1F028-B300-4279-8174-7E7BD272AFE4}.Debug|x86.Build.0 = Debug|Any CPU
		{A4B1F028-B300-4279-8174-7E7BD272AFE4}.Release|Any CPU.ActiveCfg = Release|Any CPU
		{A4B1F028-B300-4279-8174-7E7BD272AFE4}.Release|Any CPU.Build.0 = Release|Any CPU
		{A4B1F028-B300-4279-8174-7E7BD272AFE4}.Release|x64.ActiveCfg = Release|Any CPU
		{A4B1F028-B300-4279-8174-7E7BD272AFE4}.Release|x64.Build.0 = Release|Any CPU
		{A4B1F028-B300-4279-8174-7E7BD272AFE4}.Release|x86.ActiveCfg = Release|Any CPU
		{A4B1F028-B300-4279-8174-7E7BD272AFE4}.Release|x86.Build.0 = Release|Any CPU
		{B47EDDC0-C54A-4393-9CCC-DFF7A2BCBB80}.Debug|Any CPU.ActiveCfg = Debug|Any CPU
		{B47EDDC0-C54A-4393-9CCC-DFF7A2BCBB80}.Debug|Any CPU.Build.0 = Debug|Any CPU
		{B47EDDC0-C54A-4393-9CCC-DFF7A2BCBB80}.Debug|x64.ActiveCfg = Debug|Any CPU
		{B47EDDC0-C54A-4393-9CCC-DFF7A2BCBB80}.Debug|x64.Build.0 = Debug|Any CPU
		{B47EDDC0-C54A-4393-9CCC-DFF7A2BCBB80}.Debug|x86.ActiveCfg = Debug|Any CPU
		{B47EDDC0-C54A-4393-9CCC-DFF7A2BCBB80}.Debug|x86.Build.0 = Debug|Any CPU
		{B47EDDC0-C54A-4393-9CCC-DFF7A2BCBB80}.Release|Any CPU.ActiveCfg = Release|Any CPU
		{B47EDDC0-C54A-4393-9CCC-DFF7A2BCBB80}.Release|Any CPU.Build.0 = Release|Any CPU
		{B47EDDC0-C54A-4393-9CCC-DFF7A2BCBB80}.Release|x64.ActiveCfg = Release|Any CPU
		{B47EDDC0-C54A-4393-9CCC-DFF7A2BCBB80}.Release|x64.Build.0 = Release|Any CPU
		{B47EDDC0-C54A-4393-9CCC-DFF7A2BCBB80}.Release|x86.ActiveCfg = Release|Any CPU
		{B47EDDC0-C54A-4393-9CCC-DFF7A2BCBB80}.Release|x86.Build.0 = Release|Any CPU
		{B1673723-76DB-4E33-9909-C4D7C8F85ABE}.Debug|Any CPU.ActiveCfg = Debug|Any CPU
		{B1673723-76DB-4E33-9909-C4D7C8F85ABE}.Debug|Any CPU.Build.0 = Debug|Any CPU
		{B1673723-76DB-4E33-9909-C4D7C8F85ABE}.Debug|x64.ActiveCfg = Debug|Any CPU
		{B1673723-76DB-4E33-9909-C4D7C8F85ABE}.Debug|x64.Build.0 = Debug|Any CPU
		{B1673723-76DB-4E33-9909-C4D7C8F85ABE}.Debug|x86.ActiveCfg = Debug|Any CPU
		{B1673723-76DB-4E33-9909-C4D7C8F85ABE}.Debug|x86.Build.0 = Debug|Any CPU
		{B1673723-76DB-4E33-9909-C4D7C8F85ABE}.Release|Any CPU.ActiveCfg = Release|Any CPU
		{B1673723-76DB-4E33-9909-C4D7C8F85ABE}.Release|Any CPU.Build.0 = Release|Any CPU
		{B1673723-76DB-4E33-9909-C4D7C8F85ABE}.Release|x64.ActiveCfg = Release|Any CPU
		{B1673723-76DB-4E33-9909-C4D7C8F85ABE}.Release|x64.Build.0 = Release|Any CPU
		{B1673723-76DB-4E33-9909-C4D7C8F85ABE}.Release|x86.ActiveCfg = Release|Any CPU
		{B1673723-76DB-4E33-9909-C4D7C8F85ABE}.Release|x86.Build.0 = Release|Any CPU
		{13743104-8695-4FFC-8F2C-4D2D81B3E1C7}.Debug|Any CPU.ActiveCfg = Debug|Any CPU
		{13743104-8695-4FFC-8F2C-4D2D81B3E1C7}.Debug|Any CPU.Build.0 = Debug|Any CPU
		{13743104-8695-4FFC-8F2C-4D2D81B3E1C7}.Debug|x64.ActiveCfg = Debug|Any CPU
		{13743104-8695-4FFC-8F2C-4D2D81B3E1C7}.Debug|x64.Build.0 = Debug|Any CPU
		{13743104-8695-4FFC-8F2C-4D2D81B3E1C7}.Debug|x86.ActiveCfg = Debug|Any CPU
		{13743104-8695-4FFC-8F2C-4D2D81B3E1C7}.Debug|x86.Build.0 = Debug|Any CPU
		{13743104-8695-4FFC-8F2C-4D2D81B3E1C7}.Release|Any CPU.ActiveCfg = Release|Any CPU
		{13743104-8695-4FFC-8F2C-4D2D81B3E1C7}.Release|Any CPU.Build.0 = Release|Any CPU
		{13743104-8695-4FFC-8F2C-4D2D81B3E1C7}.Release|x64.ActiveCfg = Release|Any CPU
		{13743104-8695-4FFC-8F2C-4D2D81B3E1C7}.Release|x64.Build.0 = Release|Any CPU
		{13743104-8695-4FFC-8F2C-4D2D81B3E1C7}.Release|x86.ActiveCfg = Release|Any CPU
		{13743104-8695-4FFC-8F2C-4D2D81B3E1C7}.Release|x86.Build.0 = Release|Any CPU
		{614F3516-1ACB-472E-BDA4-7CBE23729740}.Debug|Any CPU.ActiveCfg = Debug|Any CPU
		{614F3516-1ACB-472E-BDA4-7CBE23729740}.Debug|Any CPU.Build.0 = Debug|Any CPU
		{614F3516-1ACB-472E-BDA4-7CBE23729740}.Debug|x64.ActiveCfg = Debug|Any CPU
		{614F3516-1ACB-472E-BDA4-7CBE23729740}.Debug|x64.Build.0 = Debug|Any CPU
		{614F3516-1ACB-472E-BDA4-7CBE23729740}.Debug|x86.ActiveCfg = Debug|Any CPU
		{614F3516-1ACB-472E-BDA4-7CBE23729740}.Debug|x86.Build.0 = Debug|Any CPU
		{614F3516-1ACB-472E-BDA4-7CBE23729740}.Release|Any CPU.ActiveCfg = Release|Any CPU
		{614F3516-1ACB-472E-BDA4-7CBE23729740}.Release|Any CPU.Build.0 = Release|Any CPU
		{614F3516-1ACB-472E-BDA4-7CBE23729740}.Release|x64.ActiveCfg = Release|Any CPU
		{614F3516-1ACB-472E-BDA4-7CBE23729740}.Release|x64.Build.0 = Release|Any CPU
		{614F3516-1ACB-472E-BDA4-7CBE23729740}.Release|x86.ActiveCfg = Release|Any CPU
		{614F3516-1ACB-472E-BDA4-7CBE23729740}.Release|x86.Build.0 = Release|Any CPU
		{BBDE6783-4C87-4C93-848B-27781F96FA0E}.Debug|Any CPU.ActiveCfg = Debug|Any CPU
		{BBDE6783-4C87-4C93-848B-27781F96FA0E}.Debug|Any CPU.Build.0 = Debug|Any CPU
		{BBDE6783-4C87-4C93-848B-27781F96FA0E}.Debug|x64.ActiveCfg = Debug|Any CPU
		{BBDE6783-4C87-4C93-848B-27781F96FA0E}.Debug|x64.Build.0 = Debug|Any CPU
		{BBDE6783-4C87-4C93-848B-27781F96FA0E}.Debug|x86.ActiveCfg = Debug|Any CPU
		{BBDE6783-4C87-4C93-848B-27781F96FA0E}.Debug|x86.Build.0 = Debug|Any CPU
		{BBDE6783-4C87-4C93-848B-27781F96FA0E}.Release|Any CPU.ActiveCfg = Release|Any CPU
		{BBDE6783-4C87-4C93-848B-27781F96FA0E}.Release|Any CPU.Build.0 = Release|Any CPU
		{BBDE6783-4C87-4C93-848B-27781F96FA0E}.Release|x64.ActiveCfg = Release|Any CPU
		{BBDE6783-4C87-4C93-848B-27781F96FA0E}.Release|x64.Build.0 = Release|Any CPU
		{BBDE6783-4C87-4C93-848B-27781F96FA0E}.Release|x86.ActiveCfg = Release|Any CPU
		{BBDE6783-4C87-4C93-848B-27781F96FA0E}.Release|x86.Build.0 = Release|Any CPU
		{C6991D4A-78FA-469A-B47D-E29167DDA9FE}.Debug|Any CPU.ActiveCfg = Debug|Any CPU
		{C6991D4A-78FA-469A-B47D-E29167DDA9FE}.Debug|Any CPU.Build.0 = Debug|Any CPU
		{C6991D4A-78FA-469A-B47D-E29167DDA9FE}.Debug|x64.ActiveCfg = Debug|Any CPU
		{C6991D4A-78FA-469A-B47D-E29167DDA9FE}.Debug|x64.Build.0 = Debug|Any CPU
		{C6991D4A-78FA-469A-B47D-E29167DDA9FE}.Debug|x86.ActiveCfg = Debug|Any CPU
		{C6991D4A-78FA-469A-B47D-E29167DDA9FE}.Debug|x86.Build.0 = Debug|Any CPU
		{C6991D4A-78FA-469A-B47D-E29167DDA9FE}.Release|Any CPU.ActiveCfg = Release|Any CPU
		{C6991D4A-78FA-469A-B47D-E29167DDA9FE}.Release|Any CPU.Build.0 = Release|Any CPU
		{C6991D4A-78FA-469A-B47D-E29167DDA9FE}.Release|x64.ActiveCfg = Release|Any CPU
		{C6991D4A-78FA-469A-B47D-E29167DDA9FE}.Release|x64.Build.0 = Release|Any CPU
		{C6991D4A-78FA-469A-B47D-E29167DDA9FE}.Release|x86.ActiveCfg = Release|Any CPU
		{C6991D4A-78FA-469A-B47D-E29167DDA9FE}.Release|x86.Build.0 = Release|Any CPU
		{CDF93C14-70D6-45A5-ABED-C41BE256A8F4}.Debug|Any CPU.ActiveCfg = Debug|Any CPU
		{CDF93C14-70D6-45A5-ABED-C41BE256A8F4}.Debug|Any CPU.Build.0 = Debug|Any CPU
		{CDF93C14-70D6-45A5-ABED-C41BE256A8F4}.Debug|x64.ActiveCfg = Debug|Any CPU
		{CDF93C14-70D6-45A5-ABED-C41BE256A8F4}.Debug|x64.Build.0 = Debug|Any CPU
		{CDF93C14-70D6-45A5-ABED-C41BE256A8F4}.Debug|x86.ActiveCfg = Debug|Any CPU
		{CDF93C14-70D6-45A5-ABED-C41BE256A8F4}.Debug|x86.Build.0 = Debug|Any CPU
		{CDF93C14-70D6-45A5-ABED-C41BE256A8F4}.Release|Any CPU.ActiveCfg = Release|Any CPU
		{CDF93C14-70D6-45A5-ABED-C41BE256A8F4}.Release|Any CPU.Build.0 = Release|Any CPU
		{CDF93C14-70D6-45A5-ABED-C41BE256A8F4}.Release|x64.ActiveCfg = Release|Any CPU
		{CDF93C14-70D6-45A5-ABED-C41BE256A8F4}.Release|x64.Build.0 = Release|Any CPU
		{CDF93C14-70D6-45A5-ABED-C41BE256A8F4}.Release|x86.ActiveCfg = Release|Any CPU
		{CDF93C14-70D6-45A5-ABED-C41BE256A8F4}.Release|x86.Build.0 = Release|Any CPU
		{69F75DFB-9B33-4EB3-9C65-67DB88BA67BB}.Debug|Any CPU.ActiveCfg = Debug|Any CPU
		{69F75DFB-9B33-4EB3-9C65-67DB88BA67BB}.Debug|Any CPU.Build.0 = Debug|Any CPU
		{69F75DFB-9B33-4EB3-9C65-67DB88BA67BB}.Debug|x64.ActiveCfg = Debug|Any CPU
		{69F75DFB-9B33-4EB3-9C65-67DB88BA67BB}.Debug|x64.Build.0 = Debug|Any CPU
		{69F75DFB-9B33-4EB3-9C65-67DB88BA67BB}.Debug|x86.ActiveCfg = Debug|Any CPU
		{69F75DFB-9B33-4EB3-9C65-67DB88BA67BB}.Debug|x86.Build.0 = Debug|Any CPU
		{69F75DFB-9B33-4EB3-9C65-67DB88BA67BB}.Release|Any CPU.ActiveCfg = Release|Any CPU
		{69F75DFB-9B33-4EB3-9C65-67DB88BA67BB}.Release|Any CPU.Build.0 = Release|Any CPU
		{69F75DFB-9B33-4EB3-9C65-67DB88BA67BB}.Release|x64.ActiveCfg = Release|Any CPU
		{69F75DFB-9B33-4EB3-9C65-67DB88BA67BB}.Release|x64.Build.0 = Release|Any CPU
		{69F75DFB-9B33-4EB3-9C65-67DB88BA67BB}.Release|x86.ActiveCfg = Release|Any CPU
		{69F75DFB-9B33-4EB3-9C65-67DB88BA67BB}.Release|x86.Build.0 = Release|Any CPU
		{2614FECF-F50A-4E56-B812-13364D16D0CE}.Debug|Any CPU.ActiveCfg = Debug|Any CPU
		{2614FECF-F50A-4E56-B812-13364D16D0CE}.Debug|Any CPU.Build.0 = Debug|Any CPU
		{2614FECF-F50A-4E56-B812-13364D16D0CE}.Debug|x64.ActiveCfg = Debug|Any CPU
		{2614FECF-F50A-4E56-B812-13364D16D0CE}.Debug|x64.Build.0 = Debug|Any CPU
		{2614FECF-F50A-4E56-B812-13364D16D0CE}.Debug|x86.ActiveCfg = Debug|Any CPU
		{2614FECF-F50A-4E56-B812-13364D16D0CE}.Debug|x86.Build.0 = Debug|Any CPU
		{2614FECF-F50A-4E56-B812-13364D16D0CE}.Release|Any CPU.ActiveCfg = Release|Any CPU
		{2614FECF-F50A-4E56-B812-13364D16D0CE}.Release|Any CPU.Build.0 = Release|Any CPU
		{2614FECF-F50A-4E56-B812-13364D16D0CE}.Release|x64.ActiveCfg = Release|Any CPU
		{2614FECF-F50A-4E56-B812-13364D16D0CE}.Release|x64.Build.0 = Release|Any CPU
		{2614FECF-F50A-4E56-B812-13364D16D0CE}.Release|x86.ActiveCfg = Release|Any CPU
		{2614FECF-F50A-4E56-B812-13364D16D0CE}.Release|x86.Build.0 = Release|Any CPU
		{47D15C95-F551-4375-8644-28C9B4BEF23C}.Debug|Any CPU.ActiveCfg = Debug|Any CPU
		{47D15C95-F551-4375-8644-28C9B4BEF23C}.Debug|Any CPU.Build.0 = Debug|Any CPU
		{47D15C95-F551-4375-8644-28C9B4BEF23C}.Debug|x64.ActiveCfg = Debug|Any CPU
		{47D15C95-F551-4375-8644-28C9B4BEF23C}.Debug|x64.Build.0 = Debug|Any CPU
		{47D15C95-F551-4375-8644-28C9B4BEF23C}.Debug|x86.ActiveCfg = Debug|Any CPU
		{47D15C95-F551-4375-8644-28C9B4BEF23C}.Debug|x86.Build.0 = Debug|Any CPU
		{47D15C95-F551-4375-8644-28C9B4BEF23C}.Release|Any CPU.ActiveCfg = Release|Any CPU
		{47D15C95-F551-4375-8644-28C9B4BEF23C}.Release|Any CPU.Build.0 = Release|Any CPU
		{47D15C95-F551-4375-8644-28C9B4BEF23C}.Release|x64.ActiveCfg = Release|Any CPU
		{47D15C95-F551-4375-8644-28C9B4BEF23C}.Release|x64.Build.0 = Release|Any CPU
		{47D15C95-F551-4375-8644-28C9B4BEF23C}.Release|x86.ActiveCfg = Release|Any CPU
		{47D15C95-F551-4375-8644-28C9B4BEF23C}.Release|x86.Build.0 = Release|Any CPU
		{22EF2488-C81F-401D-BFB9-437F938EC07E}.Debug|Any CPU.ActiveCfg = Debug|Any CPU
		{22EF2488-C81F-401D-BFB9-437F938EC07E}.Debug|Any CPU.Build.0 = Debug|Any CPU
		{22EF2488-C81F-401D-BFB9-437F938EC07E}.Debug|x64.ActiveCfg = Debug|Any CPU
		{22EF2488-C81F-401D-BFB9-437F938EC07E}.Debug|x64.Build.0 = Debug|Any CPU
		{22EF2488-C81F-401D-BFB9-437F938EC07E}.Debug|x86.ActiveCfg = Debug|Any CPU
		{22EF2488-C81F-401D-BFB9-437F938EC07E}.Debug|x86.Build.0 = Debug|Any CPU
		{22EF2488-C81F-401D-BFB9-437F938EC07E}.Release|Any CPU.ActiveCfg = Release|Any CPU
		{22EF2488-C81F-401D-BFB9-437F938EC07E}.Release|Any CPU.Build.0 = Release|Any CPU
		{22EF2488-C81F-401D-BFB9-437F938EC07E}.Release|x64.ActiveCfg = Release|Any CPU
		{22EF2488-C81F-401D-BFB9-437F938EC07E}.Release|x64.Build.0 = Release|Any CPU
		{22EF2488-C81F-401D-BFB9-437F938EC07E}.Release|x86.ActiveCfg = Release|Any CPU
		{22EF2488-C81F-401D-BFB9-437F938EC07E}.Release|x86.Build.0 = Release|Any CPU
	EndGlobalSection
	GlobalSection(SolutionProperties) = preSolution
		HideSolutionNode = FALSE
	EndGlobalSection
	GlobalSection(NestedProjects) = preSolution
		{9B9A733C-DEDC-477D-ABBA-B76D4FCE7563} = {02EA681E-C7D8-13C7-8484-4AC65E1B71E8}
		{15451675-A792-4B59-B1CB-831C2EAB346E} = {02EA681E-C7D8-13C7-8484-4AC65E1B71E8}
		{A4B1F028-B300-4279-8174-7E7BD272AFE4} = {02EA681E-C7D8-13C7-8484-4AC65E1B71E8}
		{ACE3B5F6-02E0-E5E3-B283-044C1171AFDE} = {02EA681E-C7D8-13C7-8484-4AC65E1B71E8}
		{18D22988-DD82-4A6E-AD5A-9CC8CAAF7C0B} = {ACE3B5F6-02E0-E5E3-B283-044C1171AFDE}
		{B47EDDC0-C54A-4393-9CCC-DFF7A2BCBB80} = {18D22988-DD82-4A6E-AD5A-9CC8CAAF7C0B}
		{72E8C35E-860E-A2F6-1C29-F9FD91D5E4DE} = {ACE3B5F6-02E0-E5E3-B283-044C1171AFDE}
		{B1673723-76DB-4E33-9909-C4D7C8F85ABE} = {72E8C35E-860E-A2F6-1C29-F9FD91D5E4DE}
		{4B9C5E59-7481-6EA4-5314-FAD2171898FF} = {ACE3B5F6-02E0-E5E3-B283-044C1171AFDE}
		{13743104-8695-4FFC-8F2C-4D2D81B3E1C7} = {4B9C5E59-7481-6EA4-5314-FAD2171898FF}
		{466167F1-E57E-2386-3A71-0D3A756A5742} = {ACE3B5F6-02E0-E5E3-B283-044C1171AFDE}
		{614F3516-1ACB-472E-BDA4-7CBE23729740} = {466167F1-E57E-2386-3A71-0D3A756A5742}
		{BBDE6783-4C87-4C93-848B-27781F96FA0E} = {02EA681E-C7D8-13C7-8484-4AC65E1B71E8}
		{C6991D4A-78FA-469A-B47D-E29167DDA9FE} = {0AB3BF05-4346-4AA6-1389-037BE0695223}
		{CDF93C14-70D6-45A5-ABED-C41BE256A8F4} = {0AB3BF05-4346-4AA6-1389-037BE0695223}
		{69F75DFB-9B33-4EB3-9C65-67DB88BA67BB} = {0AB3BF05-4346-4AA6-1389-037BE0695223}
		{2614FECF-F50A-4E56-B812-13364D16D0CE} = {18D22988-DD82-4A6E-AD5A-9CC8CAAF7C0B}
		{47D15C95-F551-4375-8644-28C9B4BEF23C} = {18D22988-DD82-4A6E-AD5A-9CC8CAAF7C0B}
		{22EF2488-C81F-401D-BFB9-437F938EC07E} = {72E8C35E-860E-A2F6-1C29-F9FD91D5E4DE}
	EndGlobalSection
	GlobalSection(ExtensibilityGlobals) = postSolution
		SolutionGuid = {3928A5A2-CEA8-4613-BAC3-CD801007A804}
	EndGlobalSection
EndGlobal
